
Microsoft Visual Studio Solution File, Format Version 12.00
# Visual Studio 14
VisualStudioVersion = 14.0.25123.0
MinimumVisualStudioVersion = 10.0.40219.1
Project("{FAE04EC0-301F-11D3-BF4B-00C04F79EFBC}") = "Present.Core", "Present\Present.Core.csproj", "{76538F62-AEF6-459F-8ED8-6531AE274D94}"
EndProject
Project("{FAE04EC0-301F-11D3-BF4B-00C04F79EFBC}") = "Present.Droid", "Present.Droid\Present.Droid.csproj", "{F321A148-4A9B-4D11-8A9C-69C67D189DFB}"
EndProject
Global
	GlobalSection(SolutionConfigurationPlatforms) = preSolution
		Debug|Any CPU = Debug|Any CPU
		Release|Any CPU = Release|Any CPU
	EndGlobalSection
	GlobalSection(ProjectConfigurationPlatforms) = postSolution
		{76538F62-AEF6-459F-8ED8-6531AE274D94}.Debug|Any CPU.ActiveCfg = Debug|Any CPU
		{76538F62-AEF6-459F-8ED8-6531AE274D94}.Debug|Any CPU.Build.0 = Debug|Any CPU
		{76538F62-AEF6-459F-8ED8-6531AE274D94}.Release|Any CPU.ActiveCfg = Release|Any CPU
		{76538F62-AEF6-459F-8ED8-6531AE274D94}.Release|Any CPU.Build.0 = Release|Any CPU
		{F321A148-4A9B-4D11-8A9C-69C67D189DFB}.Debug|Any CPU.ActiveCfg = Debug|Any CPU
		{F321A148-4A9B-4D11-8A9C-69C67D189DFB}.Debug|Any CPU.Build.0 = Debug|Any CPU
		{F321A148-4A9B-4D11-8A9C-69C67D189DFB}.Debug|Any CPU.Deploy.0 = Debug|Any CPU
		{F321A148-4A9B-4D11-8A9C-69C67D189DFB}.Release|Any CPU.ActiveCfg = Release|Any CPU
		{F321A148-4A9B-4D11-8A9C-69C67D189DFB}.Release|Any CPU.Build.0 = Release|Any CPU
		{F321A148-4A9B-4D11-8A9C-69C67D189DFB}.Release|Any CPU.Deploy.0 = Release|Any CPU
	EndGlobalSection
	GlobalSection(SolutionProperties) = preSolution
		HideSolutionNode = FALSE
	EndGlobalSection
EndGlobal
